
Microsoft Visual Studio Solution File, Format Version 12.00
# Visual Studio Version 17
VisualStudioVersion = 17.10.34916.146
MinimumVisualStudioVersion = 10.0.40219.1
Project("{FAE04EC0-301F-11D3-BF4B-00C04F79EFBC}") = "SimpleSudokuDemo", "SimpleSudokuDemo\SimpleSudokuDemo.csproj", "{8B7DC6F8-E52D-4221-9CCE-3593B07CE41D}"
EndProject
Project("{FAE04EC0-301F-11D3-BF4B-00C04F79EFBC}") = "SimpleSudoku.CommonLibrary", "SimpleSudoku.CommonLibrary\SimpleSudoku.CommonLibrary.csproj", "{A1758FE7-9F25-41B2-B493-D84219C352BD}"
EndProject
Global
	GlobalSection(SolutionConfigurationPlatforms) = preSolution
		Debug|Any CPU = Debug|Any CPU
		Release|Any CPU = Release|Any CPU
	EndGlobalSection
	GlobalSection(ProjectConfigurationPlatforms) = postSolution
		{8B7DC6F8-E52D-4221-9CCE-3593B07CE41D}.Debug|Any CPU.ActiveCfg = Debug|Any CPU
		{8B7DC6F8-E52D-4221-9CCE-3593B07CE41D}.Debug|Any CPU.Build.0 = Debug|Any CPU
		{8B7DC6F8-E52D-4221-9CCE-3593B07CE41D}.Release|Any CPU.ActiveCfg = Release|Any CPU
		{8B7DC6F8-E52D-4221-9CCE-3593B07CE41D}.Release|Any CPU.Build.0 = Release|Any CPU
		{A1758FE7-9F25-41B2-B493-D84219C352BD}.Debug|Any CPU.ActiveCfg = Debug|Any CPU
		{A1758FE7-9F25-41B2-B493-D84219C352BD}.Debug|Any CPU.Build.0 = Debug|Any CPU
		{A1758FE7-9F25-41B2-B493-D84219C352BD}.Release|Any CPU.ActiveCfg = Release|Any CPU
		{A1758FE7-9F25-41B2-B493-D84219C352BD}.Release|Any CPU.Build.0 = Release|Any CPU
	EndGlobalSection
	GlobalSection(SolutionProperties) = preSolution
		HideSolutionNode = FALSE
	EndGlobalSection
	GlobalSection(ExtensibilityGlobals) = postSolution
		SolutionGuid = {7ECC91D2-F317-4E3C-914E-73319FBA6E6D}
	EndGlobalSection
EndGlobal
